
Microsoft Visual Studio Solution File, Format Version 12.00
# Visual Studio 15
VisualStudioVersion = 15.0.26124.0
MinimumVisualStudioVersion = 15.0.26124.0
Project("{9A19103F-16F7-4668-BE54-9A1E7A4F7556}") = "R5T.Ilioupoli.Standard.Construction", "R5T.Ilioupoli.Standard.Construction\R5T.Ilioupoli.Standard.Construction.csproj", "{24C32D93-22FC-4CB1-8282-8425F28CE197}"
EndProject
Project("{9A19103F-16F7-4668-BE54-9A1E7A4F7556}") = "R5T.Ilioupoli.Standard", "R5T.Ilioupoli.Standard\R5T.Ilioupoli.Standard.csproj", "{5410C02B-3D60-42DB-988B-D8F77552443A}"
EndProject
Project("{9A19103F-16F7-4668-BE54-9A1E7A4F7556}") = "R5T.Ilioupoli.Standard.Testing", "R5T.Ilioupoli.Standard.Testing\R5T.Ilioupoli.Standard.Testing.csproj", "{FB63F9BA-18F9-463B-AAD9-D0C4428CF46F}"
EndProject
Project("{2150E333-8FDC-42A3-9474-1A3956D46DE8}") = "_Dependencies", "_Dependencies", "{1E85E433-4298-4AEE-B5B0-E06419DE154A}"
EndProject
Project("{9A19103F-16F7-4668-BE54-9A1E7A4F7556}") = "R5T.Ilioupoli.Default", "..\..\R5T.Ilioupoli.Default\source\R5T.Ilioupoli.Default\R5T.Ilioupoli.Default.csproj", "{B97CE0C0-FA3F-4DF3-B9A3-5ABF3CA96204}"
EndProject
Project("{9A19103F-16F7-4668-BE54-9A1E7A4F7556}") = "R5T.Ilioupoli.Base", "..\..\R5T.Ilioupoli.Base\source\R5T.Ilioupoli.Base\R5T.Ilioupoli.Base.csproj", "{47198871-7EC0-4F3E-9CBE-7A41B3ADD27B}"
EndProject
Project("{9A19103F-16F7-4668-BE54-9A1E7A4F7556}") = "R5T.Dacia", "..\..\R5T.Dacia\source\R5T.Dacia\R5T.Dacia.csproj", "{C4CEF879-30D0-458E-BF2B-C858FCE98BAE}"
EndProject
Global
	GlobalSection(SolutionConfigurationPlatforms) = preSolution
		Debug|Any CPU = Debug|Any CPU
		Debug|x64 = Debug|x64
		Debug|x86 = Debug|x86
		Release|Any CPU = Release|Any CPU
		Release|x64 = Release|x64
		Release|x86 = Release|x86
	EndGlobalSection
	GlobalSection(ProjectConfigurationPlatforms) = postSolution
		{24C32D93-22FC-4CB1-8282-8425F28CE197}.Debug|Any CPU.ActiveCfg = Debug|Any CPU
		{24C32D93-22FC-4CB1-8282-8425F28CE197}.Debug|Any CPU.Build.0 = Debug|Any CPU
		{24C32D93-22FC-4CB1-8282-8425F28CE197}.Debug|x64.ActiveCfg = Debug|Any CPU
		{24C32D93-22FC-4CB1-8282-8425F28CE197}.Debug|x64.Build.0 = Debug|Any CPU
		{24C32D93-22FC-4CB1-8282-8425F28CE197}.Debug|x86.ActiveCfg = Debug|Any CPU
		{24C32D93-22FC-4CB1-8282-8425F28CE197}.Debug|x86.Build.0 = Debug|Any CPU
		{24C32D93-22FC-4CB1-8282-8425F28CE197}.Release|Any CPU.ActiveCfg = Release|Any CPU
		{24C32D93-22FC-4CB1-8282-8425F28CE197}.Release|Any CPU.Build.0 = Release|Any CPU
		{24C32D93-22FC-4CB1-8282-8425F28CE197}.Release|x64.ActiveCfg = Release|Any CPU
		{24C32D93-22FC-4CB1-8282-8425F28CE197}.Release|x64.Build.0 = Release|Any CPU
		{24C32D93-22FC-4CB1-8282-8425F28CE197}.Release|x86.ActiveCfg = Release|Any CPU
		{24C32D93-22FC-4CB1-8282-8425F28CE197}.Release|x86.Build.0 = Release|Any CPU
		{5410C02B-3D60-42DB-988B-D8F77552443A}.Debug|Any CPU.ActiveCfg = Debug|Any CPU
		{5410C02B-3D60-42DB-988B-D8F77552443A}.Debug|Any CPU.Build.0 = Debug|Any CPU
		{5410C02B-3D60-42DB-988B-D8F77552443A}.Debug|x64.ActiveCfg = Debug|Any CPU
		{5410C02B-3D60-42DB-988B-D8F77552443A}.Debug|x64.Build.0 = Debug|Any CPU
		{5410C02B-3D60-42DB-988B-D8F77552443A}.Debug|x86.ActiveCfg = Debug|Any CPU
		{5410C02B-3D60-42DB-988B-D8F77552443A}.Debug|x86.Build.0 = Debug|Any CPU
		{5410C02B-3D60-42DB-988B-D8F77552443A}.Release|Any CPU.ActiveCfg = Release|Any CPU
		{5410C02B-3D60-42DB-988B-D8F77552443A}.Release|Any CPU.Build.0 = Release|Any CPU
		{5410C02B-3D60-42DB-988B-D8F77552443A}.Release|x64.ActiveCfg = Release|Any CPU
		{5410C02B-3D60-42DB-988B-D8F77552443A}.Release|x64.Build.0 = Release|Any CPU
		{5410C02B-3D60-42DB-988B-D8F77552443A}.Release|x86.ActiveCfg = Release|Any CPU
		{5410C02B-3D60-42DB-988B-D8F77552443A}.Release|x86.Build.0 = Release|Any CPU
		{FB63F9BA-18F9-463B-AAD9-D0C4428CF46F}.Debug|Any CPU.ActiveCfg = Debug|Any CPU
		{FB63F9BA-18F9-463B-AAD9-D0C4428CF46F}.Debug|Any CPU.Build.0 = Debug|Any CPU
		{FB63F9BA-18F9-463B-AAD9-D0C4428CF46F}.Debug|x64.ActiveCfg = Debug|Any CPU
		{FB63F9BA-18F9-463B-AAD9-D0C4428CF46F}.Debug|x64.Build.0 = Debug|Any CPU
		{FB63F9BA-18F9-463B-AAD9-D0C4428CF46F}.Debug|x86.ActiveCfg = Debug|Any CPU
		{FB63F9BA-18F9-463B-AAD9-D0C4428CF46F}.Debug|x86.Build.0 = Debug|Any CPU
		{FB63F9BA-18F9-463B-AAD9-D0C4428CF46F}.Release|Any CPU.ActiveCfg = Release|Any CPU
		{FB63F9BA-18F9-463B-AAD9-D0C4428CF46F}.Release|Any CPU.Build.0 = Release|Any CPU
		{FB63F9BA-18F9-463B-AAD9-D0C4428CF46F}.Release|x64.ActiveCfg = Release|Any CPU
		{FB63F9BA-18F9-463B-AAD9-D0C4428CF46F}.Release|x64.Build.0 = Release|Any CPU
		{FB63F9BA-18F9-463B-AAD9-D0C4428CF46F}.Release|x86.ActiveCfg = Release|Any CPU
		{FB63F9BA-18F9-463B-AAD9-D0C4428CF46F}.Release|x86.Build.0 = Release|Any CPU
		{B97CE0C0-FA3F-4DF3-B9A3-5ABF3CA96204}.Debug|Any CPU.ActiveCfg = Debug|Any CPU
		{B97CE0C0-FA3F-4DF3-B9A3-5ABF3CA96204}.Debug|Any CPU.Build.0 = Debug|Any CPU
		{B97CE0C0-FA3F-4DF3-B9A3-5ABF3CA96204}.Debug|x64.ActiveCfg = Debug|Any CPU
		{B97CE0C0-FA3F-4DF3-B9A3-5ABF3CA96204}.Debug|x64.Build.0 = Debug|Any CPU
		{B97CE0C0-FA3F-4DF3-B9A3-5ABF3CA96204}.Debug|x86.ActiveCfg = Debug|Any CPU
		{B97CE0C0-FA3F-4DF3-B9A3-5ABF3CA96204}.Debug|x86.Build.0 = Debug|Any CPU
		{B97CE0C0-FA3F-4DF3-B9A3-5ABF3CA96204}.Release|Any CPU.ActiveCfg = Release|Any CPU
		{B97CE0C0-FA3F-4DF3-B9A3-5ABF3CA96204}.Release|Any CPU.Build.0 = Release|Any CPU
		{B97CE0C0-FA3F-4DF3-B9A3-5ABF3CA96204}.Release|x64.ActiveCfg = Release|Any CPU
		{B97CE0C0-FA3F-4DF3-B9A3-5ABF3CA96204}.Release|x64.Build.0 = Release|Any CPU
		{B97CE0C0-FA3F-4DF3-B9A3-5ABF3CA96204}.Release|x86.ActiveCfg = Release|Any CPU
		{B97CE0C0-FA3F-4DF3-B9A3-5ABF3CA96204}.Release|x86.Build.0 = Release|Any CPU
		{47198871-7EC0-4F3E-9CBE-7A41B3ADD27B}.Debug|Any CPU.ActiveCfg = Debug|Any CPU
		{47198871-7EC0-4F3E-9CBE-7A41B3ADD27B}.Debug|Any CPU.Build.0 = Debug|Any CPU
		{47198871-7EC0-4F3E-9CBE-7A41B3ADD27B}.Debug|x64.ActiveCfg = Debug|Any CPU
		{47198871-7EC0-4F3E-9CBE-7A41B3ADD27B}.Debug|x64.Build.0 = Debug|Any CPU
		{47198871-7EC0-4F3E-9CBE-7A41B3ADD27B}.Debug|x86.ActiveCfg = Debug|Any CPU
		{47198871-7EC0-4F3E-9CBE-7A41B3ADD27B}.Debug|x86.Build.0 = Debug|Any CPU
		{47198871-7EC0-4F3E-9CBE-7A41B3ADD27B}.Release|Any CPU.ActiveCfg = Release|Any CPU
		{47198871-7EC0-4F3E-9CBE-7A41B3ADD27B}.Release|Any CPU.Build.0 = Release|Any CPU
		{47198871-7EC0-4F3E-9CBE-7A41B3ADD27B}.Release|x64.ActiveCfg = Release|Any CPU
		{47198871-7EC0-4F3E-9CBE-7A41B3ADD27B}.Release|x64.Build.0 = Release|Any CPU
		{47198871-7EC0-4F3E-9CBE-7A41B3ADD27B}.Release|x86.ActiveCfg = Release|Any CPU
		{47198871-7EC0-4F3E-9CBE-7A41B3ADD27B}.Release|x86.Build.0 = Release|Any CPU
		{C4CEF879-30D0-458E-BF2B-C858FCE98BAE}.Debug|Any CPU.ActiveCfg = Debug|Any CPU
		{C4CEF879-30D0-458E-BF2B-C858FCE98BAE}.Debug|Any CPU.Build.0 = Debug|Any CPU
		{C4CEF879-30D0-458E-BF2B-C858FCE98BAE}.Debug|x64.ActiveCfg = Debug|Any CPU
		{C4CEF879-30D0-458E-BF2B-C858FCE98BAE}.Debug|x64.Build.0 = Debug|Any CPU
		{C4CEF879-30D0-458E-BF2B-C858FCE98BAE}.Debug|x86.ActiveCfg = Debug|Any CPU
		{C4CEF879-30D0-458E-BF2B-C858FCE98BAE}.Debug|x86.Build.0 = Debug|Any CPU
		{C4CEF879-30D0-458E-BF2B-C858FCE98BAE}.Release|Any CPU.ActiveCfg = Release|Any CPU
		{C4CEF879-30D0-458E-BF2B-C858FCE98BAE}.Release|Any CPU.Build.0 = Release|Any CPU
		{C4CEF879-30D0-458E-BF2B-C858FCE98BAE}.Release|x64.ActiveCfg = Release|Any CPU
		{C4CEF879-30D0-458E-BF2B-C858FCE98BAE}.Release|x64.Build.0 = Release|Any CPU
		{C4CEF879-30D0-458E-BF2B-C858FCE98BAE}.Release|x86.ActiveCfg = Release|Any CPU
		{C4CEF879-30D0-458E-BF2B-C858FCE98BAE}.Release|x86.Build.0 = Release|Any CPU
	EndGlobalSection
	GlobalSection(SolutionProperties) = preSolution
		HideSolutionNode = FALSE
	EndGlobalSection
	GlobalSection(NestedProjects) = preSolution
		{B97CE0C0-FA3F-4DF3-B9A3-5ABF3CA96204} = {1E85E433-4298-4AEE-B5B0-E06419DE154A}
		{47198871-7EC0-4F3E-9CBE-7A41B3ADD27B} = {1E85E433-4298-4AEE-B5B0-E06419DE154A}
		{C4CEF879-30D0-458E-BF2B-C858FCE98BAE} = {1E85E433-4298-4AEE-B5B0-E06419DE154A}
	EndGlobalSection
	GlobalSection(ExtensibilityGlobals) = postSolution
		SolutionGuid = {673627B1-9521-45FD-9BEE-B47EB77C00D9}
	EndGlobalSection
EndGlobal
